
Microsoft Visual Studio Solution File, Format Version 12.00
# Visual Studio Express 14 for Web
VisualStudioVersion = 14.0.25420.1
MinimumVisualStudioVersion = 10.0.40219.1
Project("{FAE04EC0-301F-11D3-BF4B-00C04F79EFBC}") = "ksc-matsushita-webapi1", "ksc-matsushita-webapi1\ksc-matsushita-webapi1.csproj", "{59B4F0C5-DB06-48FA-A2CC-352AB3CCD9A5}"
EndProject
Global
	GlobalSection(SolutionConfigurationPlatforms) = preSolution
		Debug|Any CPU = Debug|Any CPU
		Release|Any CPU = Release|Any CPU
	EndGlobalSection
	GlobalSection(ProjectConfigurationPlatforms) = postSolution
		{59B4F0C5-DB06-48FA-A2CC-352AB3CCD9A5}.Debug|Any CPU.ActiveCfg = Debug|Any CPU
		{59B4F0C5-DB06-48FA-A2CC-352AB3CCD9A5}.Debug|Any CPU.Build.0 = Debug|Any CPU
		{59B4F0C5-DB06-48FA-A2CC-352AB3CCD9A5}.Release|Any CPU.ActiveCfg = Release|Any CPU
		{59B4F0C5-DB06-48FA-A2CC-352AB3CCD9A5}.Release|Any CPU.Build.0 = Release|Any CPU
	EndGlobalSection
	GlobalSection(SolutionProperties) = preSolution
		HideSolutionNode = FALSE
	EndGlobalSection
EndGlobal
